
Microsoft Visual Studio Solution File, Format Version 12.00
# Visual Studio Version 17
VisualStudioVersion = 17.0.31903.59
MinimumVisualStudioVersion = 10.0.40219.1
Project("{2150E333-8FDC-42A3-9474-1A3956D46DE8}") = "src", "src", "{7B5C59AC-05B9-4018-94DE-39B53DD9789B}"
EndProject
Project("{FAE04EC0-301F-11D3-BF4B-00C04F79EFBC}") = "GradeBook", "src\GradeBook\GradeBook.csproj", "{A9E19AD0-4174-42DE-910B-B8EDF4877AE2}"
EndProject
Project("{2150E333-8FDC-42A3-9474-1A3956D46DE8}") = "test", "test", "{6C8904DA-DAF8-4F7B-A63A-6E748339D6BC}"
EndProject
Project("{FAE04EC0-301F-11D3-BF4B-00C04F79EFBC}") = "GradeBook.Tests", "test\GradeBook.Tests\GradeBook.Tests.csproj", "{71C46168-8E82-485C-ACE5-07F76A793E01}"
EndProject
Global
	GlobalSection(SolutionConfigurationPlatforms) = preSolution
		Debug|Any CPU = Debug|Any CPU
		Release|Any CPU = Release|Any CPU
	EndGlobalSection
	GlobalSection(SolutionProperties) = preSolution
		HideSolutionNode = FALSE
	EndGlobalSection
	GlobalSection(ProjectConfigurationPlatforms) = postSolution
		{A9E19AD0-4174-42DE-910B-B8EDF4877AE2}.Debug|Any CPU.ActiveCfg = Debug|Any CPU
		{A9E19AD0-4174-42DE-910B-B8EDF4877AE2}.Debug|Any CPU.Build.0 = Debug|Any CPU
		{A9E19AD0-4174-42DE-910B-B8EDF4877AE2}.Release|Any CPU.ActiveCfg = Release|Any CPU
		{A9E19AD0-4174-42DE-910B-B8EDF4877AE2}.Release|Any CPU.Build.0 = Release|Any CPU
		{71C46168-8E82-485C-ACE5-07F76A793E01}.Debug|Any CPU.ActiveCfg = Debug|Any CPU
		{71C46168-8E82-485C-ACE5-07F76A793E01}.Debug|Any CPU.Build.0 = Debug|Any CPU
		{71C46168-8E82-485C-ACE5-07F76A793E01}.Release|Any CPU.ActiveCfg = Release|Any CPU
		{71C46168-8E82-485C-ACE5-07F76A793E01}.Release|Any CPU.Build.0 = Release|Any CPU
	EndGlobalSection
	GlobalSection(NestedProjects) = preSolution
		{A9E19AD0-4174-42DE-910B-B8EDF4877AE2} = {7B5C59AC-05B9-4018-94DE-39B53DD9789B}
		{71C46168-8E82-485C-ACE5-07F76A793E01} = {6C8904DA-DAF8-4F7B-A63A-6E748339D6BC}
	EndGlobalSection
EndGlobal
